
Microsoft Visual Studio Solution File, Format Version 12.00
# Visual Studio Version 16
VisualStudioVersion = 16.0.29324.140
MinimumVisualStudioVersion = 10.0.40219.1
Project("{FAE04EC0-301F-11D3-BF4B-00C04F79EFBC}") = "Client", "Client\Client.csproj", "{225C951F-9168-49BA-90A2-B42DE2300796}"
EndProject
Project("{FAE04EC0-301F-11D3-BF4B-00C04F79EFBC}") = "RemotingServicesLibrary", "RemotingServicesLibrary\RemotingServicesLibrary.csproj", "{C1D5BB12-AEB8-4743-B1BC-81C478BB2E73}"
EndProject
Project("{FAE04EC0-301F-11D3-BF4B-00C04F79EFBC}") = "Server", "Server\Server.csproj", "{A33ECEFB-0969-44E9-A0E9-E0806EE9AD14}"
EndProject
Project("{FAE04EC0-301F-11D3-BF4B-00C04F79EFBC}") = "ObjectsLibrary", "ObjectsLibrary\ObjectsLibrary.csproj", "{EE1D1785-A995-48CD-9CA1-BAF08D3C894E}"
EndProject
Project("{FAE04EC0-301F-11D3-BF4B-00C04F79EFBC}") = "ClientLibrary", "ClientLibrary\ClientLibrary.csproj", "{E0E06CCB-01B8-453C-BA93-6DFCBAEC8D17}"
EndProject
Project("{FAE04EC0-301F-11D3-BF4B-00C04F79EFBC}") = "PuppetMaster", "PuppetMaster\PuppetMaster.csproj", "{EF8F8642-37AA-421F-A79D-E5C3A416EC7A}"
EndProject
Project("{FAE04EC0-301F-11D3-BF4B-00C04F79EFBC}") = "ProcessCreationService", "ProcessCreationService\ProcessCreationService.csproj", "{ED530761-4C11-4B22-88F9-48AA8BD4D38A}"
EndProject
Project("{FAE04EC0-301F-11D3-BF4B-00C04F79EFBC}") = "CreationServiceLibrary", "CreationServiceLibrary\CreationServiceLibrary.csproj", "{3AF0299B-B2AA-4D05-A240-AB1DC52844CC}"
EndProject
Global
	GlobalSection(SolutionConfigurationPlatforms) = preSolution
		Debug|Any CPU = Debug|Any CPU
	EndGlobalSection
	GlobalSection(ProjectConfigurationPlatforms) = postSolution
		{225C951F-9168-49BA-90A2-B42DE2300796}.Debug|Any CPU.ActiveCfg = Debug|Any CPU
		{225C951F-9168-49BA-90A2-B42DE2300796}.Debug|Any CPU.Build.0 = Debug|Any CPU
		{C1D5BB12-AEB8-4743-B1BC-81C478BB2E73}.Debug|Any CPU.ActiveCfg = Debug|Any CPU
		{C1D5BB12-AEB8-4743-B1BC-81C478BB2E73}.Debug|Any CPU.Build.0 = Debug|Any CPU
		{A33ECEFB-0969-44E9-A0E9-E0806EE9AD14}.Debug|Any CPU.ActiveCfg = Debug|Any CPU
		{A33ECEFB-0969-44E9-A0E9-E0806EE9AD14}.Debug|Any CPU.Build.0 = Debug|Any CPU
		{EE1D1785-A995-48CD-9CA1-BAF08D3C894E}.Debug|Any CPU.ActiveCfg = Debug|Any CPU
		{EE1D1785-A995-48CD-9CA1-BAF08D3C894E}.Debug|Any CPU.Build.0 = Debug|Any CPU
		{E0E06CCB-01B8-453C-BA93-6DFCBAEC8D17}.Debug|Any CPU.ActiveCfg = Debug|Any CPU
		{E0E06CCB-01B8-453C-BA93-6DFCBAEC8D17}.Debug|Any CPU.Build.0 = Debug|Any CPU
		{EF8F8642-37AA-421F-A79D-E5C3A416EC7A}.Debug|Any CPU.ActiveCfg = Debug|Any CPU
		{EF8F8642-37AA-421F-A79D-E5C3A416EC7A}.Debug|Any CPU.Build.0 = Debug|Any CPU
		{ED530761-4C11-4B22-88F9-48AA8BD4D38A}.Debug|Any CPU.ActiveCfg = Debug|Any CPU
		{ED530761-4C11-4B22-88F9-48AA8BD4D38A}.Debug|Any CPU.Build.0 = Debug|Any CPU
		{3AF0299B-B2AA-4D05-A240-AB1DC52844CC}.Debug|Any CPU.ActiveCfg = Debug|Any CPU
		{3AF0299B-B2AA-4D05-A240-AB1DC52844CC}.Debug|Any CPU.Build.0 = Debug|Any CPU
	EndGlobalSection
	GlobalSection(SolutionProperties) = preSolution
		HideSolutionNode = FALSE
	EndGlobalSection
	GlobalSection(ExtensibilityGlobals) = postSolution
		SolutionGuid = {9493E93F-09ED-4F75-A76A-3517D21F2201}
	EndGlobalSection
EndGlobal
